
Microsoft Visual Studio Solution File, Format Version 12.00
# Visual Studio Version 17
VisualStudioVersion = 17.14.36127.28 d17.14
MinimumVisualStudioVersion = 10.0.40219.1
Project("{FAE04EC0-301F-11D3-BF4B-00C04F79EFBC}") = "football-draw-api", "football-draw-api.csproj", "{1AF7E94E-9424-8CCD-1A4B-B48DF80EB03F}"
EndProject
Global
	GlobalSection(SolutionConfigurationPlatforms) = preSolution
		Debug|Any CPU = Debug|Any CPU
		Release|Any CPU = Release|Any CPU
	EndGlobalSection
	GlobalSection(ProjectConfigurationPlatforms) = postSolution
		{1AF7E94E-9424-8CCD-1A4B-B48DF80EB03F}.Debug|Any CPU.ActiveCfg = Debug|Any CPU
		{1AF7E94E-9424-8CCD-1A4B-B48DF80EB03F}.Debug|Any CPU.Build.0 = Debug|Any CPU
		{1AF7E94E-9424-8CCD-1A4B-B48DF80EB03F}.Release|Any CPU.ActiveCfg = Release|Any CPU
		{1AF7E94E-9424-8CCD-1A4B-B48DF80EB03F}.Release|Any CPU.Build.0 = Release|Any CPU
	EndGlobalSection
	GlobalSection(SolutionProperties) = preSolution
		HideSolutionNode = FALSE
	EndGlobalSection
	GlobalSection(ExtensibilityGlobals) = postSolution
		SolutionGuid = {078F4243-92F0-421F-85BF-2ED102CAC52C}
	EndGlobalSection
EndGlobal
